// !$*UTF8*$!
{
	archiveVersion = 1;
	classes = {
	};
	objectVersion = 56;
	objects = {

/* Begin PBXBuildFile section */
		A7FC7FB52C2388DD0036ACA9 /* Aula08_API_propriaApp.swift in Sources */ = {isa = PBXBuildFile; fileRef = A7FC7FB42C2388DD0036ACA9 /* Aula08_API_propriaApp.swift */; };
		A7FC7FB72C2388DD0036ACA9 /* ContentView.swift in Sources */ = {isa = PBXBuildFile; fileRef = A7FC7FB62C2388DD0036ACA9 /* ContentView.swift */; };
		A7FC7FB92C2388DE0036ACA9 /* Assets.xcassets in Resources */ = {isa = PBXBuildFile; fileRef = A7FC7FB82C2388DE0036ACA9 /* Assets.xcassets */; };
		A7FC7FBC2C2388DE0036ACA9 /* Preview Assets.xcassets in Resources */ = {isa = PBXBuildFile; fileRef = A7FC7FBB2C2388DE0036ACA9 /* Preview Assets.xcassets */; };
		A7FC7FC52C2389F00036ACA9 /* Model.swift in Sources */ = {isa = PBXBuildFile; fileRef = A7FC7FC42C2389F00036ACA9 /* Model.swift */; };
		A7FC7FC72C238C290036ACA9 /* ViewModel.swift in Sources */ = {isa = PBXBuildFile; fileRef = A7FC7FC62C238C290036ACA9 /* ViewModel.swift */; };
		A7FC7FCB2C23918D0036ACA9 /* FrutasView.swift in Sources */ = {isa = PBXBuildFile; fileRef = A7FC7FCA2C23918D0036ACA9 /* FrutasView.swift */; };
/* End PBXBuildFile section */

/* Begin PBXFileReference section */
		A7FC7FB12C2388DD0036ACA9 /* Aula08-API_propria.app */ = {isa = PBXFileReference; explicitFileType = wrapper.application; includeInIndex = 0; path = "Aula08-API_propria.app"; sourceTree = BUILT_PRODUCTS_DIR; };
		A7FC7FB42C2388DD0036ACA9 /* Aula08_API_propriaApp.swift */ = {isa = PBXFileReference; lastKnownFileType = sourcecode.swift; path = Aula08_API_propriaApp.swift; sourceTree = "<group>"; };
		A7FC7FB62C2388DD0036ACA9 /* ContentView.swift */ = {isa = PBXFileReference; lastKnownFileType = sourcecode.swift; path = ContentView.swift; sourceTree = "<group>"; };
		A7FC7FB82C2388DE0036ACA9 /* Assets.xcassets */ = {isa = PBXFileReference; lastKnownFileType = folder.assetcatalog; path = Assets.xcassets; sourceTree = "<group>"; };
		A7FC7FBB2C2388DE0036ACA9 /* Preview Assets.xcassets */ = {isa = PBXFileReference; lastKnownFileType = folder.assetcatalog; path = "Preview Assets.xcassets"; sourceTree = "<group>"; };
		A7FC7FC42C2389F00036ACA9 /* Model.swift */ = {isa = PBXFileReference; lastKnownFileType = sourcecode.swift; path = Model.swift; sourceTree = "<group>"; };
		A7FC7FC62C238C290036ACA9 /* ViewModel.swift */ = {isa = PBXFileReference; lastKnownFileType = sourcecode.swift; path = ViewModel.swift; sourceTree = "<group>"; };
		A7FC7FCA2C23918D0036ACA9 /* FrutasView.swift */ = {isa = PBXFileReference; lastKnownFileType = sourcecode.swift; path = FrutasView.swift; sourceTree = "<group>"; };
/* End PBXFileReference section */

/* Begin PBXFrameworksBuildPhase section */
		A7FC7FAE2C2388DD0036ACA9 /* Frameworks */ = {
			isa = PBXFrameworksBuildPhase;
			buildActionMask = 2147483647;
			files = (
			);
			runOnlyForDeploymentPostprocessing = 0;
		};
/* End PBXFrameworksBuildPhase section */

/* Begin PBXGroup section */
		A7FC7FA82C2388DD0036ACA9 = {
			isa = PBXGroup;
			children = (
				A7FC7FB32C2388DD0036ACA9 /* Aula08-API_propria */,
				A7FC7FB22C2388DD0036ACA9 /* Products */,
			);
			sourceTree = "<group>";
		};
		A7FC7FB22C2388DD0036ACA9 /* Products */ = {
			isa = PBXGroup;
			children = (
				A7FC7FB12C2388DD0036ACA9 /* Aula08-API_propria.app */,
			);
			name = Products;
			sourceTree = "<group>";
		};
		A7FC7FB32C2388DD0036ACA9 /* Aula08-API_propria */ = {
			isa = PBXGroup;
			children = (
				A7FC7FB42C2388DD0036ACA9 /* Aula08_API_propriaApp.swift */,
				A7FC7FB62C2388DD0036ACA9 /* ContentView.swift */,
				A7FC7FC62C238C290036ACA9 /* ViewModel.swift */,
				A7FC7FCA2C23918D0036ACA9 /* FrutasView.swift */,
				A7FC7FC42C2389F00036ACA9 /* Model.swift */,
				A7FC7FB82C2388DE0036ACA9 /* Assets.xcassets */,
				A7FC7FBA2C2388DE0036ACA9 /* Preview Content */,
			);
			path = "Aula08-API_propria";
			sourceTree = "<group>";
		};
		A7FC7FBA2C2388DE0036ACA9 /* Preview Content */ = {
			isa = PBXGroup;
			children = (
				A7FC7FBB2C2388DE0036ACA9 /* Preview Assets.xcassets */,
			);
			path = "Preview Content";
			sourceTree = "<group>";
		};
/* End PBXGroup section */

/* Begin PBXNativeTarget section */
		A7FC7FB02C2388DD0036ACA9 /* Aula08-API_propria */ = {
			isa = PBXNativeTarget;
			buildConfigurationList = A7FC7FBF2C2388DE0036ACA9 /* Build configuration list for PBXNativeTarget "Aula08-API_propria" */;
			buildPhases = (
				A7FC7FAD2C2388DD0036ACA9 /* Sources */,
				A7FC7FAE2C2388DD0036ACA9 /* Frameworks */,
				A7FC7FAF2C2388DD0036ACA9 /* Resources */,
			);
			buildRules = (
			);
			dependencies = (
			);
			name = "Aula08-API_propria";
			productName = "Aula08-API_propria";
			productReference = A7FC7FB12C2388DD0036ACA9 /* Aula08-API_propria.app */;
			productType = "com.apple.product-type.application";
		};
/* End PBXNativeTarget section */

/* Begin PBXProject section */
		A7FC7FA92C2388DD0036ACA9 /* Project object */ = {
			isa = PBXProject;
			attributes = {
				BuildIndependentTargetsInParallel = 1;
				LastSwiftUpdateCheck = 1520;
				LastUpgradeCheck = 1520;
				TargetAttributes = {
					A7FC7FB02C2388DD0036ACA9 = {
						CreatedOnToolsVersion = 15.2;
					};
				};
			};
			buildConfigurationList = A7FC7FAC2C2388DD0036ACA9 /* Build configuration list for PBXProject "Aula08-API_propria" */;
			compatibilityVersion = "Xcode 14.0";
			developmentRegion = en;
			hasScannedForEncodings = 0;
			knownRegions = (
				en,
				Base,
			);
			mainGroup = A7FC7FA82C2388DD0036ACA9;
			productRefGroup = A7FC7FB22C2388DD0036ACA9 /* Products */;
			projectDirPath = "";
			projectRoot = "";
			targets = (
				A7FC7FB02C2388DD0036ACA9 /* Aula08-API_propria */,
			);
		};
/* End PBXProject section */

/* Begin PBXResourcesBuildPhase section */
		A7FC7FAF2C2388DD0036ACA9 /* Resources */ = {
			isa = PBXResourcesBuildPhase;
			buildActionMask = 2147483647;
			files = (
				A7FC7FBC2C2388DE0036ACA9 /* Preview Assets.xcassets in Resources */,
				A7FC7FB92C2388DE0036ACA9 /* Assets.xcassets in Resources */,
			);
			runOnlyForDeploymentPostprocessing = 0;
		};
/* End PBXResourcesBuildPhase section */

/* Begin PBXSourcesBuildPhase section */
		A7FC7FAD2C2388DD0036ACA9 /* Sources */ = {
			isa = PBXSourcesBuildPhase;
			buildActionMask = 2147483647;
			files = (
				A7FC7FC52C2389F00036ACA9 /* Model.swift in Sources */,
				A7FC7FCB2C23918D0036ACA9 /* FrutasView.swift in Sources */,
				A7FC7FB72C2388DD0036ACA9 /* ContentView.swift in Sources */,
				A7FC7FC72C238C290036ACA9 /* ViewModel.swift in Sources */,
				A7FC7FB52C2388DD0036ACA9 /* Aula08_API_propriaApp.swift in Sources */,
			);
			runOnlyForDeploymentPostprocessing = 0;
		};
/* End PBXSourcesBuildPhase section */

/* Begin XCBuildConfiguration section */
		A7FC7FBD2C2388DE0036ACA9 /* Debug */ = {
			isa = XCBuildConfiguration;
			buildSettings = {
				ALWAYS_SEARCH_USER_PATHS = NO;
				ASSETCATALOG_COMPILER_GENERATE_SWIFT_ASSET_SYMBOL_EXTENSIONS = YES;
				CLANG_ANALYZER_NONNULL = YES;
				CLANG_ANALYZER_NUMBER_OBJECT_CONVERSION = YES_AGGRESSIVE;
				CLANG_CXX_LANGUAGE_STANDARD = "gnu++20";
				CLANG_ENABLE_MODULES = YES;
				CLANG_ENABLE_OBJC_ARC = YES;
				CLANG_ENABLE_OBJC_WEAK = YES;
				CLANG_WARN_BLOCK_CAPTURE_AUTORELEASING = YES;
				CLANG_WARN_BOOL_CONVERSION = YES;
				CLANG_WARN_COMMA = YES;
				CLANG_WARN_CONSTANT_CONVERSION = YES;
				CLANG_WARN_DEPRECATED_OBJC_IMPLEMENTATIONS = YES;
				CLANG_WARN_DIRECT_OBJC_ISA_USAGE = YES_ERROR;
				CLANG_WARN_DOCUMENTATION_COMMENTS = YES;
				CLANG_WARN_EMPTY_BODY = YES;
				CLANG_WARN_ENUM_CONVERSION = YES;
				CLANG_WARN_INFINITE_RECURSION = YES;
				CLANG_WARN_INT_CONVERSION = YES;
				CLANG_WARN_NON_LITERAL_NULL_CONVERSION = YES;
				CLANG_WARN_OBJC_IMPLICIT_RETAIN_SELF = YES;
				CLANG_WARN_OBJC_LITERAL_CONVERSION = YES;
				CLANG_WARN_OBJC_ROOT_CLASS = YES_ERROR;
				CLANG_WARN_QUOTED_INCLUDE_IN_FRAMEWORK_HEADER = YES;
				CLANG_WARN_RANGE_LOOP_ANALYSIS = YES;
				CLANG_WARN_STRICT_PROTOTYPES = YES;
				CLANG_WARN_SUSPICIOUS_MOVE = YES;
				CLANG_WARN_UNGUARDED_AVAILABILITY = YES_AGGRESSIVE;
				CLANG_WARN_UNREACHABLE_CODE = YES;
				CLANG_WARN__DUPLICATE_METHOD_MATCH = YES;
				COPY_PHASE_STRIP = NO;
				DEBUG_INFORMATION_FORMAT = dwarf;
				ENABLE_STRICT_OBJC_MSGSEND = YES;
				ENABLE_TESTABILITY = YES;
				ENABLE_USER_SCRIPT_SANDBOXING = YES;
				GCC_C_LANGUAGE_STANDARD = gnu17;
				GCC_DYNAMIC_NO_PIC = NO;
				GCC_NO_COMMON_BLOCKS = YES;
				GCC_OPTIMIZATION_LEVEL = 0;
				GCC_PREPROCESSOR_DEFINITIONS = (
					"DEBUG=1",
					"$(inherited)",
				);
				GCC_WARN_64_TO_32_BIT_CONVERSION = YES;
				GCC_WARN_ABOUT_RETURN_TYPE = YES_ERROR;
				GCC_WARN_UNDECLARED_SELECTOR = YES;
				GCC_WARN_UNINITIALIZED_AUTOS = YES_AGGRESSIVE;
				GCC_WARN_UNUSED_FUNCTION = YES;
				GCC_WARN_UNUSED_VARIABLE = YES;
				IPHONEOS_DEPLOYMENT_TARGET = 17.2;
				LOCALIZATION_PREFERS_STRING_CATALOGS = YES;
				MTL_ENABLE_DEBUG_INFO = INCLUDE_SOURCE;
				MTL_FAST_MATH = YES;
				ONLY_ACTIVE_ARCH = YES;
				SDKROOT = iphoneos;
				SWIFT_ACTIVE_COMPILATION_CONDITIONS = "DEBUG $(inherited)";
				SWIFT_OPTIMIZATION_LEVEL = "-Onone";
			};
			name = Debug;
		};
		A7FC7FBE2C2388DE0036ACA9 /* Release */ = {
			isa = XCBuildConfiguration;
			buildSettings = {
				ALWAYS_SEARCH_USER_PATHS = NO;
				ASSETCATALOG_COMPILER_GENERATE_SWIFT_ASSET_SYMBOL_EXTENSIONS = YES;
				CLANG_ANALYZER_NONNULL = YES;
				CLANG_ANALYZER_NUMBER_OBJECT_CONVERSION = YES_AGGRESSIVE;
				CLANG_CXX_LANGUAGE_STANDARD = "gnu++20";
				CLANG_ENABLE_MODULES = YES;
				CLANG_ENABLE_OBJC_ARC = YES;
				CLANG_ENABLE_OBJC_WEAK = YES;
				CLANG_WARN_BLOCK_CAPTURE_AUTORELEASING = YES;
				CLANG_WARN_BOOL_CONVERSION = YES;
				CLANG_WARN_COMMA = YES;
				CLANG_WARN_CONSTANT_CONVERSION = YES;
				CLANG_WARN_DEPRECATED_OBJC_IMPLEMENTATIONS = YES;
				CLANG_WARN_DIRECT_OBJC_ISA_USAGE = YES_ERROR;
				CLANG_WARN_DOCUMENTATION_COMMENTS = YES;
				CLANG_WARN_EMPTY_BODY = YES;
				CLANG_WARN_ENUM_CONVERSION = YES;
				CLANG_WARN_INFINITE_RECURSION = YES;
				CLANG_WARN_INT_CONVERSION = YES;
				CLANG_WARN_NON_LITERAL_NULL_CONVERSION = YES;
				CLANG_WARN_OBJC_IMPLICIT_RETAIN_SELF = YES;
				CLANG_WARN_OBJC_LITERAL_CONVERSION = YES;
				CLANG_WARN_OBJC_ROOT_CLASS = YES_ERROR;
				CLANG_WARN_QUOTED_INCLUDE_IN_FRAMEWORK_HEADER = YES;
				CLANG_WARN_RANGE_LOOP_ANALYSIS = YES;
				CLANG_WARN_STRICT_PROTOTYPES = YES;
				CLANG_WARN_SUSPICIOUS_MOVE = YES;
				CLANG_WARN_UNGUARDED_AVAILABILITY = YES_AGGRESSIVE;
				CLANG_WARN_UNREACHABLE_CODE = YES;
				CLANG_WARN__DUPLICATE_METHOD_MATCH = YES;
				COPY_PHASE_STRIP = NO;
				DEBUG_INFORMATION_FORMAT = "dwarf-with-dsym";
				ENABLE_NS_ASSERTIONS = NO;
				ENABLE_STRICT_OBJC_MSGSEND = YES;
				ENABLE_USER_SCRIPT_SANDBOXING = YES;
				GCC_C_LANGUAGE_STANDARD = gnu17;
				GCC_NO_COMMON_BLOCKS = YES;
				GCC_WARN_64_TO_32_BIT_CONVERSION = YES;
				GCC_WARN_ABOUT_RETURN_TYPE = YES_ERROR;
				GCC_WARN_UNDECLARED_SELECTOR = YES;
				GCC_WARN_UNINITIALIZED_AUTOS = YES_AGGRESSIVE;
				GCC_WARN_UNUSED_FUNCTION = YES;
				GCC_WARN_UNUSED_VARIABLE = YES;
				IPHONEOS_DEPLOYMENT_TARGET = 17.2;
				LOCALIZATION_PREFERS_STRING_CATALOGS = YES;
				MTL_ENABLE_DEBUG_INFO = NO;
				MTL_FAST_MATH = YES;
				SDKROOT = iphoneos;
				SWIFT_COMPILATION_MODE = wholemodule;
				VALIDATE_PRODUCT = YES;
			};
			name = Release;
		};
		A7FC7FC02C2388DE0036ACA9 /* Debug */ = {
			isa = XCBuildConfiguration;
			buildSettings = {
				ASSETCATALOG_COMPILER_APPICON_NAME = AppIcon;
				ASSETCATALOG_COMPILER_GLOBAL_ACCENT_COLOR_NAME = AccentColor;
				CODE_SIGN_STYLE = Automatic;
				CURRENT_PROJECT_VERSION = 1;
				DEVELOPMENT_ASSET_PATHS = "\"Aula08-API_propria/Preview Content\"";
				ENABLE_PREVIEWS = YES;
				GENERATE_INFOPLIST_FILE = YES;
				INFOPLIST_KEY_UIApplicationSceneManifest_Generation = YES;
				INFOPLIST_KEY_UIApplicationSupportsIndirectInputEvents = YES;
				INFOPLIST_KEY_UILaunchScreen_Generation = YES;
				INFOPLIST_KEY_UISupportedInterfaceOrientations_iPad = "UIInterfaceOrientationPortrait UIInterfaceOrientationPortraitUpsideDown UIInterfaceOrientationLandscapeLeft UIInterfaceOrientationLandscapeRight";
				INFOPLIST_KEY_UISupportedInterfaceOrientations_iPhone = "UIInterfaceOrientationPortrait UIInterfaceOrientationLandscapeLeft UIInterfaceOrientationLandscapeRight";
				LD_RUNPATH_SEARCH_PATHS = (
					"$(inherited)",
					"@executable_path/Frameworks",
				);
				MARKETING_VERSION = 1.0;
				PRODUCT_BUNDLE_IDENTIFIER = "Aula02UFES.Aula08-API-propria";
				PRODUCT_NAME = "$(TARGET_NAME)";
				SWIFT_EMIT_LOC_STRINGS = YES;
				SWIFT_VERSION = 5.0;
				TARGETED_DEVICE_FAMILY = "1,2";
			};
			name = Debug;
		};
		A7FC7FC12C2388DE0036ACA9 /* Release */ = {
			isa = XCBuildConfiguration;
			buildSettings = {
				ASSETCATALOG_COMPILER_APPICON_NAME = AppIcon;
				ASSETCATALOG_COMPILER_GLOBAL_ACCENT_COLOR_NAME = AccentColor;
				CODE_SIGN_STYLE = Automatic;
				CURRENT_PROJECT_VERSION = 1;
				DEVELOPMENT_ASSET_PATHS = "\"Aula08-API_propria/Preview Content\"";
				ENABLE_PREVIEWS = YES;
				GENERATE_INFOPLIST_FILE = YES;
				INFOPLIST_KEY_UIApplicationSceneManifest_Generation = YES;
				INFOPLIST_KEY_UIApplicationSupportsIndirectInputEvents = YES;
				INFOPLIST_KEY_UILaunchScreen_Generation = YES;
				INFOPLIST_KEY_UISupportedInterfaceOrientations_iPad = "UIInterfaceOrientationPortrait UIInterfaceOrientationPortraitUpsideDown UIInterfaceOrientationLandscapeLeft UIInterfaceOrientationLandscapeRight";
				INFOPLIST_KEY_UISupportedInterfaceOrientations_iPhone = "UIInterfaceOrientationPortrait UIInterfaceOrientationLandscapeLeft UIInterfaceOrientationLandscapeRight";
				LD_RUNPATH_SEARCH_PATHS = (
					"$(inherited)",
					"@executable_path/Frameworks",
				);
				MARKETING_VERSION = 1.0;
				PRODUCT_BUNDLE_IDENTIFIER = "Aula02UFES.Aula08-API-propria";
				PRODUCT_NAME = "$(TARGET_NAME)";
				SWIFT_EMIT_LOC_STRINGS = YES;
				SWIFT_VERSION = 5.0;
				TARGETED_DEVICE_FAMILY = "1,2";
			};
			name = Release;
		};
/* End XCBuildConfiguration section */

/* Begin XCConfigurationList section */
		A7FC7FAC2C2388DD0036ACA9 /* Build configuration list for PBXProject "Aula08-API_propria" */ = {
			isa = XCConfigurationList;
			buildConfigurations = (
				A7FC7FBD2C2388DE0036ACA9 /* Debug */,
				A7FC7FBE2C2388DE0036ACA9 /* Release */,
			);
			defaultConfigurationIsVisible = 0;
			defaultConfigurationName = Release;
		};
		A7FC7FBF2C2388DE0036ACA9 /* Build configuration list for PBXNativeTarget "Aula08-API_propria" */ = {
			isa = XCConfigurationList;
			buildConfigurations = (
				A7FC7FC02C2388DE0036ACA9 /* Debug */,
				A7FC7FC12C2388DE0036ACA9 /* Release */,
			);
			defaultConfigurationIsVisible = 0;
			defaultConfigurationName = Release;
		};
/* End XCConfigurationList section */
	};
	rootObject = A7FC7FA92C2388DD0036ACA9 /* Project object */;
}
