// !$*UTF8*$!
{
	archiveVersion = 1;
	classes = {
	};
	objectVersion = 56;
	objects = {

/* Begin PBXBuildFile section */
		A7FA049B2C1909D500FA7B90 /* Aula04_TabView_2App.swift in Sources */ = {isa = PBXBuildFile; fileRef = A7FA049A2C1909D500FA7B90 /* Aula04_TabView_2App.swift */; };
		A7FA049D2C1909D500FA7B90 /* ContentView.swift in Sources */ = {isa = PBXBuildFile; fileRef = A7FA049C2C1909D500FA7B90 /* ContentView.swift */; };
		A7FA049F2C1909D600FA7B90 /* Assets.xcassets in Resources */ = {isa = PBXBuildFile; fileRef = A7FA049E2C1909D600FA7B90 /* Assets.xcassets */; };
		A7FA04A22C1909D600FA7B90 /* Preview Assets.xcassets in Resources */ = {isa = PBXBuildFile; fileRef = A7FA04A12C1909D600FA7B90 /* Preview Assets.xcassets */; };
		A7FA04AB2C190F2E00FA7B90 /* mod1View.swift in Sources */ = {isa = PBXBuildFile; fileRef = A7FA04AA2C190F2E00FA7B90 /* mod1View.swift */; };
		A7FA04AD2C190F7D00FA7B90 /* mod2View.swift in Sources */ = {isa = PBXBuildFile; fileRef = A7FA04AC2C190F7D00FA7B90 /* mod2View.swift */; };
		A7FA04AF2C19164B00FA7B90 /* volteView.swift in Sources */ = {isa = PBXBuildFile; fileRef = A7FA04AE2C19164B00FA7B90 /* volteView.swift */; };
		A7FA04B12C191CCA00FA7B90 /* SheetView.swift in Sources */ = {isa = PBXBuildFile; fileRef = A7FA04B02C191CCA00FA7B90 /* SheetView.swift */; };
/* End PBXBuildFile section */

/* Begin PBXFileReference section */
		A7FA04972C1909D500FA7B90 /* Aula04-TabView-2.app */ = {isa = PBXFileReference; explicitFileType = wrapper.application; includeInIndex = 0; path = "Aula04-TabView-2.app"; sourceTree = BUILT_PRODUCTS_DIR; };
		A7FA049A2C1909D500FA7B90 /* Aula04_TabView_2App.swift */ = {isa = PBXFileReference; lastKnownFileType = sourcecode.swift; path = Aula04_TabView_2App.swift; sourceTree = "<group>"; };
		A7FA049C2C1909D500FA7B90 /* ContentView.swift */ = {isa = PBXFileReference; lastKnownFileType = sourcecode.swift; path = ContentView.swift; sourceTree = "<group>"; };
		A7FA049E2C1909D600FA7B90 /* Assets.xcassets */ = {isa = PBXFileReference; lastKnownFileType = folder.assetcatalog; path = Assets.xcassets; sourceTree = "<group>"; };
		A7FA04A12C1909D600FA7B90 /* Preview Assets.xcassets */ = {isa = PBXFileReference; lastKnownFileType = folder.assetcatalog; path = "Preview Assets.xcassets"; sourceTree = "<group>"; };
		A7FA04AA2C190F2E00FA7B90 /* mod1View.swift */ = {isa = PBXFileReference; lastKnownFileType = sourcecode.swift; path = mod1View.swift; sourceTree = "<group>"; };
		A7FA04AC2C190F7D00FA7B90 /* mod2View.swift */ = {isa = PBXFileReference; lastKnownFileType = sourcecode.swift; path = mod2View.swift; sourceTree = "<group>"; };
		A7FA04AE2C19164B00FA7B90 /* volteView.swift */ = {isa = PBXFileReference; lastKnownFileType = sourcecode.swift; path = volteView.swift; sourceTree = "<group>"; };
		A7FA04B02C191CCA00FA7B90 /* SheetView.swift */ = {isa = PBXFileReference; lastKnownFileType = sourcecode.swift; path = SheetView.swift; sourceTree = "<group>"; };
/* End PBXFileReference section */

/* Begin PBXFrameworksBuildPhase section */
		A7FA04942C1909D500FA7B90 /* Frameworks */ = {
			isa = PBXFrameworksBuildPhase;
			buildActionMask = 2147483647;
			files = (
			);
			runOnlyForDeploymentPostprocessing = 0;
		};
/* End PBXFrameworksBuildPhase section */

/* Begin PBXGroup section */
		A7FA048E2C1909D500FA7B90 = {
			isa = PBXGroup;
			children = (
				A7FA04992C1909D500FA7B90 /* Aula04-TabView-2 */,
				A7FA04982C1909D500FA7B90 /* Products */,
			);
			sourceTree = "<group>";
		};
		A7FA04982C1909D500FA7B90 /* Products */ = {
			isa = PBXGroup;
			children = (
				A7FA04972C1909D500FA7B90 /* Aula04-TabView-2.app */,
			);
			name = Products;
			sourceTree = "<group>";
		};
		A7FA04992C1909D500FA7B90 /* Aula04-TabView-2 */ = {
			isa = PBXGroup;
			children = (
				A7FA049A2C1909D500FA7B90 /* Aula04_TabView_2App.swift */,
				A7FA049C2C1909D500FA7B90 /* ContentView.swift */,
				A7FA04AA2C190F2E00FA7B90 /* mod1View.swift */,
				A7FA04AC2C190F7D00FA7B90 /* mod2View.swift */,
				A7FA04AE2C19164B00FA7B90 /* volteView.swift */,
				A7FA04B02C191CCA00FA7B90 /* SheetView.swift */,
				A7FA049E2C1909D600FA7B90 /* Assets.xcassets */,
				A7FA04A02C1909D600FA7B90 /* Preview Content */,
			);
			path = "Aula04-TabView-2";
			sourceTree = "<group>";
		};
		A7FA04A02C1909D600FA7B90 /* Preview Content */ = {
			isa = PBXGroup;
			children = (
				A7FA04A12C1909D600FA7B90 /* Preview Assets.xcassets */,
			);
			path = "Preview Content";
			sourceTree = "<group>";
		};
/* End PBXGroup section */

/* Begin PBXNativeTarget section */
		A7FA04962C1909D500FA7B90 /* Aula04-TabView-2 */ = {
			isa = PBXNativeTarget;
			buildConfigurationList = A7FA04A52C1909D600FA7B90 /* Build configuration list for PBXNativeTarget "Aula04-TabView-2" */;
			buildPhases = (
				A7FA04932C1909D500FA7B90 /* Sources */,
				A7FA04942C1909D500FA7B90 /* Frameworks */,
				A7FA04952C1909D500FA7B90 /* Resources */,
			);
			buildRules = (
			);
			dependencies = (
			);
			name = "Aula04-TabView-2";
			productName = "Aula04-TabView-2";
			productReference = A7FA04972C1909D500FA7B90 /* Aula04-TabView-2.app */;
			productType = "com.apple.product-type.application";
		};
/* End PBXNativeTarget section */

/* Begin PBXProject section */
		A7FA048F2C1909D500FA7B90 /* Project object */ = {
			isa = PBXProject;
			attributes = {
				BuildIndependentTargetsInParallel = 1;
				LastSwiftUpdateCheck = 1520;
				LastUpgradeCheck = 1520;
				TargetAttributes = {
					A7FA04962C1909D500FA7B90 = {
						CreatedOnToolsVersion = 15.2;
					};
				};
			};
			buildConfigurationList = A7FA04922C1909D500FA7B90 /* Build configuration list for PBXProject "Aula04-TabView-2" */;
			compatibilityVersion = "Xcode 14.0";
			developmentRegion = en;
			hasScannedForEncodings = 0;
			knownRegions = (
				en,
				Base,
			);
			mainGroup = A7FA048E2C1909D500FA7B90;
			productRefGroup = A7FA04982C1909D500FA7B90 /* Products */;
			projectDirPath = "";
			projectRoot = "";
			targets = (
				A7FA04962C1909D500FA7B90 /* Aula04-TabView-2 */,
			);
		};
/* End PBXProject section */

/* Begin PBXResourcesBuildPhase section */
		A7FA04952C1909D500FA7B90 /* Resources */ = {
			isa = PBXResourcesBuildPhase;
			buildActionMask = 2147483647;
			files = (
				A7FA04A22C1909D600FA7B90 /* Preview Assets.xcassets in Resources */,
				A7FA049F2C1909D600FA7B90 /* Assets.xcassets in Resources */,
			);
			runOnlyForDeploymentPostprocessing = 0;
		};
/* End PBXResourcesBuildPhase section */

/* Begin PBXSourcesBuildPhase section */
		A7FA04932C1909D500FA7B90 /* Sources */ = {
			isa = PBXSourcesBuildPhase;
			buildActionMask = 2147483647;
			files = (
				A7FA049D2C1909D500FA7B90 /* ContentView.swift in Sources */,
				A7FA04AB2C190F2E00FA7B90 /* mod1View.swift in Sources */,
				A7FA04AF2C19164B00FA7B90 /* volteView.swift in Sources */,
				A7FA04AD2C190F7D00FA7B90 /* mod2View.swift in Sources */,
				A7FA04B12C191CCA00FA7B90 /* SheetView.swift in Sources */,
				A7FA049B2C1909D500FA7B90 /* Aula04_TabView_2App.swift in Sources */,
			);
			runOnlyForDeploymentPostprocessing = 0;
		};
/* End PBXSourcesBuildPhase section */

/* Begin XCBuildConfiguration section */
		A7FA04A32C1909D600FA7B90 /* Debug */ = {
			isa = XCBuildConfiguration;
			buildSettings = {
				ALWAYS_SEARCH_USER_PATHS = NO;
				ASSETCATALOG_COMPILER_GENERATE_SWIFT_ASSET_SYMBOL_EXTENSIONS = YES;
				CLANG_ANALYZER_NONNULL = YES;
				CLANG_ANALYZER_NUMBER_OBJECT_CONVERSION = YES_AGGRESSIVE;
				CLANG_CXX_LANGUAGE_STANDARD = "gnu++20";
				CLANG_ENABLE_MODULES = YES;
				CLANG_ENABLE_OBJC_ARC = YES;
				CLANG_ENABLE_OBJC_WEAK = YES;
				CLANG_WARN_BLOCK_CAPTURE_AUTORELEASING = YES;
				CLANG_WARN_BOOL_CONVERSION = YES;
				CLANG_WARN_COMMA = YES;
				CLANG_WARN_CONSTANT_CONVERSION = YES;
				CLANG_WARN_DEPRECATED_OBJC_IMPLEMENTATIONS = YES;
				CLANG_WARN_DIRECT_OBJC_ISA_USAGE = YES_ERROR;
				CLANG_WARN_DOCUMENTATION_COMMENTS = YES;
				CLANG_WARN_EMPTY_BODY = YES;
				CLANG_WARN_ENUM_CONVERSION = YES;
				CLANG_WARN_INFINITE_RECURSION = YES;
				CLANG_WARN_INT_CONVERSION = YES;
				CLANG_WARN_NON_LITERAL_NULL_CONVERSION = YES;
				CLANG_WARN_OBJC_IMPLICIT_RETAIN_SELF = YES;
				CLANG_WARN_OBJC_LITERAL_CONVERSION = YES;
				CLANG_WARN_OBJC_ROOT_CLASS = YES_ERROR;
				CLANG_WARN_QUOTED_INCLUDE_IN_FRAMEWORK_HEADER = YES;
				CLANG_WARN_RANGE_LOOP_ANALYSIS = YES;
				CLANG_WARN_STRICT_PROTOTYPES = YES;
				CLANG_WARN_SUSPICIOUS_MOVE = YES;
				CLANG_WARN_UNGUARDED_AVAILABILITY = YES_AGGRESSIVE;
				CLANG_WARN_UNREACHABLE_CODE = YES;
				CLANG_WARN__DUPLICATE_METHOD_MATCH = YES;
				COPY_PHASE_STRIP = NO;
				DEBUG_INFORMATION_FORMAT = dwarf;
				ENABLE_STRICT_OBJC_MSGSEND = YES;
				ENABLE_TESTABILITY = YES;
				ENABLE_USER_SCRIPT_SANDBOXING = YES;
				GCC_C_LANGUAGE_STANDARD = gnu17;
				GCC_DYNAMIC_NO_PIC = NO;
				GCC_NO_COMMON_BLOCKS = YES;
				GCC_OPTIMIZATION_LEVEL = 0;
				GCC_PREPROCESSOR_DEFINITIONS = (
					"DEBUG=1",
					"$(inherited)",
				);
				GCC_WARN_64_TO_32_BIT_CONVERSION = YES;
				GCC_WARN_ABOUT_RETURN_TYPE = YES_ERROR;
				GCC_WARN_UNDECLARED_SELECTOR = YES;
				GCC_WARN_UNINITIALIZED_AUTOS = YES_AGGRESSIVE;
				GCC_WARN_UNUSED_FUNCTION = YES;
				GCC_WARN_UNUSED_VARIABLE = YES;
				IPHONEOS_DEPLOYMENT_TARGET = 17.2;
				LOCALIZATION_PREFERS_STRING_CATALOGS = YES;
				MTL_ENABLE_DEBUG_INFO = INCLUDE_SOURCE;
				MTL_FAST_MATH = YES;
				ONLY_ACTIVE_ARCH = YES;
				SDKROOT = iphoneos;
				SWIFT_ACTIVE_COMPILATION_CONDITIONS = "DEBUG $(inherited)";
				SWIFT_OPTIMIZATION_LEVEL = "-Onone";
			};
			name = Debug;
		};
		A7FA04A42C1909D600FA7B90 /* Release */ = {
			isa = XCBuildConfiguration;
			buildSettings = {
				ALWAYS_SEARCH_USER_PATHS = NO;
				ASSETCATALOG_COMPILER_GENERATE_SWIFT_ASSET_SYMBOL_EXTENSIONS = YES;
				CLANG_ANALYZER_NONNULL = YES;
				CLANG_ANALYZER_NUMBER_OBJECT_CONVERSION = YES_AGGRESSIVE;
				CLANG_CXX_LANGUAGE_STANDARD = "gnu++20";
				CLANG_ENABLE_MODULES = YES;
				CLANG_ENABLE_OBJC_ARC = YES;
				CLANG_ENABLE_OBJC_WEAK = YES;
				CLANG_WARN_BLOCK_CAPTURE_AUTORELEASING = YES;
				CLANG_WARN_BOOL_CONVERSION = YES;
				CLANG_WARN_COMMA = YES;
				CLANG_WARN_CONSTANT_CONVERSION = YES;
				CLANG_WARN_DEPRECATED_OBJC_IMPLEMENTATIONS = YES;
				CLANG_WARN_DIRECT_OBJC_ISA_USAGE = YES_ERROR;
				CLANG_WARN_DOCUMENTATION_COMMENTS = YES;
				CLANG_WARN_EMPTY_BODY = YES;
				CLANG_WARN_ENUM_CONVERSION = YES;
				CLANG_WARN_INFINITE_RECURSION = YES;
				CLANG_WARN_INT_CONVERSION = YES;
				CLANG_WARN_NON_LITERAL_NULL_CONVERSION = YES;
				CLANG_WARN_OBJC_IMPLICIT_RETAIN_SELF = YES;
				CLANG_WARN_OBJC_LITERAL_CONVERSION = YES;
				CLANG_WARN_OBJC_ROOT_CLASS = YES_ERROR;
				CLANG_WARN_QUOTED_INCLUDE_IN_FRAMEWORK_HEADER = YES;
				CLANG_WARN_RANGE_LOOP_ANALYSIS = YES;
				CLANG_WARN_STRICT_PROTOTYPES = YES;
				CLANG_WARN_SUSPICIOUS_MOVE = YES;
				CLANG_WARN_UNGUARDED_AVAILABILITY = YES_AGGRESSIVE;
				CLANG_WARN_UNREACHABLE_CODE = YES;
				CLANG_WARN__DUPLICATE_METHOD_MATCH = YES;
				COPY_PHASE_STRIP = NO;
				DEBUG_INFORMATION_FORMAT = "dwarf-with-dsym";
				ENABLE_NS_ASSERTIONS = NO;
				ENABLE_STRICT_OBJC_MSGSEND = YES;
				ENABLE_USER_SCRIPT_SANDBOXING = YES;
				GCC_C_LANGUAGE_STANDARD = gnu17;
				GCC_NO_COMMON_BLOCKS = YES;
				GCC_WARN_64_TO_32_BIT_CONVERSION = YES;
				GCC_WARN_ABOUT_RETURN_TYPE = YES_ERROR;
				GCC_WARN_UNDECLARED_SELECTOR = YES;
				GCC_WARN_UNINITIALIZED_AUTOS = YES_AGGRESSIVE;
				GCC_WARN_UNUSED_FUNCTION = YES;
				GCC_WARN_UNUSED_VARIABLE = YES;
				IPHONEOS_DEPLOYMENT_TARGET = 17.2;
				LOCALIZATION_PREFERS_STRING_CATALOGS = YES;
				MTL_ENABLE_DEBUG_INFO = NO;
				MTL_FAST_MATH = YES;
				SDKROOT = iphoneos;
				SWIFT_COMPILATION_MODE = wholemodule;
				VALIDATE_PRODUCT = YES;
			};
			name = Release;
		};
		A7FA04A62C1909D600FA7B90 /* Debug */ = {
			isa = XCBuildConfiguration;
			buildSettings = {
				ASSETCATALOG_COMPILER_APPICON_NAME = AppIcon;
				ASSETCATALOG_COMPILER_GLOBAL_ACCENT_COLOR_NAME = AccentColor;
				CODE_SIGN_STYLE = Automatic;
				CURRENT_PROJECT_VERSION = 1;
				DEVELOPMENT_ASSET_PATHS = "\"Aula04-TabView-2/Preview Content\"";
				ENABLE_PREVIEWS = YES;
				GENERATE_INFOPLIST_FILE = YES;
				INFOPLIST_KEY_UIApplicationSceneManifest_Generation = YES;
				INFOPLIST_KEY_UIApplicationSupportsIndirectInputEvents = YES;
				INFOPLIST_KEY_UILaunchScreen_Generation = YES;
				INFOPLIST_KEY_UISupportedInterfaceOrientations_iPad = "UIInterfaceOrientationPortrait UIInterfaceOrientationPortraitUpsideDown UIInterfaceOrientationLandscapeLeft UIInterfaceOrientationLandscapeRight";
				INFOPLIST_KEY_UISupportedInterfaceOrientations_iPhone = "UIInterfaceOrientationPortrait UIInterfaceOrientationLandscapeLeft UIInterfaceOrientationLandscapeRight";
				LD_RUNPATH_SEARCH_PATHS = (
					"$(inherited)",
					"@executable_path/Frameworks",
				);
				MARKETING_VERSION = 1.0;
				PRODUCT_BUNDLE_IDENTIFIER = "Aula02UFES.Aula04-TabView-2";
				PRODUCT_NAME = "$(TARGET_NAME)";
				SWIFT_EMIT_LOC_STRINGS = YES;
				SWIFT_VERSION = 5.0;
				TARGETED_DEVICE_FAMILY = "1,2";
			};
			name = Debug;
		};
		A7FA04A72C1909D600FA7B90 /* Release */ = {
			isa = XCBuildConfiguration;
			buildSettings = {
				ASSETCATALOG_COMPILER_APPICON_NAME = AppIcon;
				ASSETCATALOG_COMPILER_GLOBAL_ACCENT_COLOR_NAME = AccentColor;
				CODE_SIGN_STYLE = Automatic;
				CURRENT_PROJECT_VERSION = 1;
				DEVELOPMENT_ASSET_PATHS = "\"Aula04-TabView-2/Preview Content\"";
				ENABLE_PREVIEWS = YES;
				GENERATE_INFOPLIST_FILE = YES;
				INFOPLIST_KEY_UIApplicationSceneManifest_Generation = YES;
				INFOPLIST_KEY_UIApplicationSupportsIndirectInputEvents = YES;
				INFOPLIST_KEY_UILaunchScreen_Generation = YES;
				INFOPLIST_KEY_UISupportedInterfaceOrientations_iPad = "UIInterfaceOrientationPortrait UIInterfaceOrientationPortraitUpsideDown UIInterfaceOrientationLandscapeLeft UIInterfaceOrientationLandscapeRight";
				INFOPLIST_KEY_UISupportedInterfaceOrientations_iPhone = "UIInterfaceOrientationPortrait UIInterfaceOrientationLandscapeLeft UIInterfaceOrientationLandscapeRight";
				LD_RUNPATH_SEARCH_PATHS = (
					"$(inherited)",
					"@executable_path/Frameworks",
				);
				MARKETING_VERSION = 1.0;
				PRODUCT_BUNDLE_IDENTIFIER = "Aula02UFES.Aula04-TabView-2";
				PRODUCT_NAME = "$(TARGET_NAME)";
				SWIFT_EMIT_LOC_STRINGS = YES;
				SWIFT_VERSION = 5.0;
				TARGETED_DEVICE_FAMILY = "1,2";
			};
			name = Release;
		};
/* End XCBuildConfiguration section */

/* Begin XCConfigurationList section */
		A7FA04922C1909D500FA7B90 /* Build configuration list for PBXProject "Aula04-TabView-2" */ = {
			isa = XCConfigurationList;
			buildConfigurations = (
				A7FA04A32C1909D600FA7B90 /* Debug */,
				A7FA04A42C1909D600FA7B90 /* Release */,
			);
			defaultConfigurationIsVisible = 0;
			defaultConfigurationName = Release;
		};
		A7FA04A52C1909D600FA7B90 /* Build configuration list for PBXNativeTarget "Aula04-TabView-2" */ = {
			isa = XCConfigurationList;
			buildConfigurations = (
				A7FA04A62C1909D600FA7B90 /* Debug */,
				A7FA04A72C1909D600FA7B90 /* Release */,
			);
			defaultConfigurationIsVisible = 0;
			defaultConfigurationName = Release;
		};
/* End XCConfigurationList section */
	};
	rootObject = A7FA048F2C1909D500FA7B90 /* Project object */;
}
